// !$*UTF8*$!
{
	archiveVersion = 1;
	classes = {
	};
	objectVersion = 70;
	objects = {

/* Begin PBXBuildFile section */
		D7FB22322F839FFF000A5754 /* ZoomTask.xcframework in Frameworks */ = {isa = PBXBuildFile; fileRef = D7FB22302F839FFD000A5754 /* ZoomTask.xcframework */; };
		D7FB22332F839FFF000A5754 /* ZoomTask.xcframework in Embed Frameworks */ = {isa = PBXBuildFile; fileRef = D7FB22302F839FFD000A5754 /* ZoomTask.xcframework */; settings = {ATTRIBUTES = (CodeSignOnCopy, RemoveHeadersOnCopy, ); }; };
		E565BA9C2A25ADD7002CD7AB /* AppDelegate.swift in Sources */ = {isa = PBXBuildFile; fileRef = E565BA9B2A25ADD7002CD7AB /* AppDelegate.swift */; };
		E565BA9E2A25ADD7002CD7AB /* SceneDelegate.swift in Sources */ = {isa = PBXBuildFile; fileRef = E565BA9D2A25ADD7002CD7AB /* SceneDelegate.swift */; };
		E565BAA02A25ADD7002CD7AB /* ViewController.swift in Sources */ = {isa = PBXBuildFile; fileRef = E565BA9F2A25ADD7002CD7AB /* ViewController.swift */; };
		E565BAA32A25ADD7002CD7AB /* Main.storyboard in Resources */ = {isa = PBXBuildFile; fileRef = E565BAA12A25ADD7002CD7AB /* Main.storyboard */; };
		E565BAA52A25ADD8002CD7AB /* Assets.xcassets in Resources */ = {isa = PBXBuildFile; fileRef = E565BAA42A25ADD8002CD7AB /* Assets.xcassets */; };
		E565BAA82A25ADD8002CD7AB /* LaunchScreen.storyboard in Resources */ = {isa = PBXBuildFile; fileRef = E565BAA62A25ADD8002CD7AB /* LaunchScreen.storyboard */; };
		E5C9FF242CB5223F006A0B5B /* CptShare.xcframework in Frameworks */ = {isa = PBXBuildFile; fileRef = E5C9FF1E2CB5220F006A0B5B /* CptShare.xcframework */; };
		E5C9FF252CB5223F006A0B5B /* CptShare.xcframework in Embed Frameworks */ = {isa = PBXBuildFile; fileRef = E5C9FF1E2CB5220F006A0B5B /* CptShare.xcframework */; settings = {ATTRIBUTES = (CodeSignOnCopy, RemoveHeadersOnCopy, ); }; };
		E5C9FF262CB52242006A0B5B /* zoomcml.xcframework in Frameworks */ = {isa = PBXBuildFile; fileRef = E5C9FF1F2CB5220F006A0B5B /* zoomcml.xcframework */; };
		E5C9FF272CB52242006A0B5B /* zoomcml.xcframework in Embed Frameworks */ = {isa = PBXBuildFile; fileRef = E5C9FF1F2CB5220F006A0B5B /* zoomcml.xcframework */; settings = {ATTRIBUTES = (CodeSignOnCopy, RemoveHeadersOnCopy, ); }; };
		E5C9FF282CB52244006A0B5B /* ZoomVideoSDK.xcframework in Frameworks */ = {isa = PBXBuildFile; fileRef = E5C9FF202CB5220F006A0B5B /* ZoomVideoSDK.xcframework */; };
		E5C9FF292CB52244006A0B5B /* ZoomVideoSDK.xcframework in Embed Frameworks */ = {isa = PBXBuildFile; fileRef = E5C9FF202CB5220F006A0B5B /* ZoomVideoSDK.xcframework */; settings = {ATTRIBUTES = (CodeSignOnCopy, RemoveHeadersOnCopy, ); }; };
		E5C9FF2A2CB52247006A0B5B /* ZoomVideoSDKUIToolkit.xcframework in Frameworks */ = {isa = PBXBuildFile; fileRef = E5C9FF222CB5220F006A0B5B /* ZoomVideoSDKUIToolkit.xcframework */; };
		E5C9FF2B2CB52247006A0B5B /* ZoomVideoSDKUIToolkit.xcframework in Embed Frameworks */ = {isa = PBXBuildFile; fileRef = E5C9FF222CB5220F006A0B5B /* ZoomVideoSDKUIToolkit.xcframework */; settings = {ATTRIBUTES = (CodeSignOnCopy, RemoveHeadersOnCopy, ); }; };
		E5C9FF322CB52310006A0B5B /* ReplayKit.framework in Frameworks */ = {isa = PBXBuildFile; fileRef = E5C9FF312CB52310006A0B5B /* ReplayKit.framework */; };
		E5C9FF392CB52310006A0B5B /* ScreenShare.appex in Embed Foundation Extensions */ = {isa = PBXBuildFile; fileRef = E5C9FF302CB52310006A0B5B /* ScreenShare.appex */; settings = {ATTRIBUTES = (RemoveHeadersOnCopy, ); }; };
		E5C9FF402CB52316006A0B5B /* CoreGraphics.framework in Frameworks */ = {isa = PBXBuildFile; fileRef = E5C9FF3F2CB52316006A0B5B /* CoreGraphics.framework */; };
		E5C9FF422CB5231A006A0B5B /* CoreVideo.framework in Frameworks */ = {isa = PBXBuildFile; fileRef = E5C9FF412CB5231A006A0B5B /* CoreVideo.framework */; };
		E5C9FF442CB5231E006A0B5B /* CoreMedia.framework in Frameworks */ = {isa = PBXBuildFile; fileRef = E5C9FF432CB5231E006A0B5B /* CoreMedia.framework */; };
		E5C9FF462CB52323006A0B5B /* VideoToolbox.framework in Frameworks */ = {isa = PBXBuildFile; fileRef = E5C9FF452CB52323006A0B5B /* VideoToolbox.framework */; };
		E5C9FF472CB52326006A0B5B /* ZoomVideoSDKScreenShare.xcframework in Frameworks */ = {isa = PBXBuildFile; fileRef = E5C9FF212CB5220F006A0B5B /* ZoomVideoSDKScreenShare.xcframework */; };
		E5EB66862CF44A10008D9CCF /* CustomComponentVC.swift in Sources */ = {isa = PBXBuildFile; fileRef = E5EB66852CF44A10008D9CCF /* CustomComponentVC.swift */; };
/* End PBXBuildFile section */

/* Begin PBXContainerItemProxy section */
		E5C9FF372CB52310006A0B5B /* PBXContainerItemProxy */ = {
			isa = PBXContainerItemProxy;
			containerPortal = E565BA902A25ADD7002CD7AB /* Project object */;
			proxyType = 1;
			remoteGlobalIDString = E5C9FF2F2CB52310006A0B5B;
			remoteInfo = ScreenShare;
		};
/* End PBXContainerItemProxy section */

/* Begin PBXCopyFilesBuildPhase section */
		E565BAB52A25AE65002CD7AB /* Embed Frameworks */ = {
			isa = PBXCopyFilesBuildPhase;
			buildActionMask = 2147483647;
			dstPath = "";
			dstSubfolderSpec = 10;
			files = (
				E5C9FF252CB5223F006A0B5B /* CptShare.xcframework in Embed Frameworks */,
				D7FB22332F839FFF000A5754 /* ZoomTask.xcframework in Embed Frameworks */,
				E5C9FF272CB52242006A0B5B /* zoomcml.xcframework in Embed Frameworks */,
				E5C9FF2B2CB52247006A0B5B /* ZoomVideoSDKUIToolkit.xcframework in Embed Frameworks */,
				E5C9FF292CB52244006A0B5B /* ZoomVideoSDK.xcframework in Embed Frameworks */,
			);
			name = "Embed Frameworks";
			runOnlyForDeploymentPostprocessing = 0;
		};
		E5C9FF3E2CB52310006A0B5B /* Embed Foundation Extensions */ = {
			isa = PBXCopyFilesBuildPhase;
			buildActionMask = 2147483647;
			dstPath = "";
			dstSubfolderSpec = 13;
			files = (
				E5C9FF392CB52310006A0B5B /* ScreenShare.appex in Embed Foundation Extensions */,
			);
			name = "Embed Foundation Extensions";
			runOnlyForDeploymentPostprocessing = 0;
		};
/* End PBXCopyFilesBuildPhase section */

/* Begin PBXFileReference section */
		D7FB22302F839FFD000A5754 /* ZoomTask.xcframework */ = {isa = PBXFileReference; expectedSignature = "AppleDeveloperProgram:BJ4HAAB9B3:Zoom Communications, Inc."; lastKnownFileType = wrapper.xcframework; name = ZoomTask.xcframework; path = Frameworks/ZoomTask.xcframework; sourceTree = "<group>"; };
		E565BA982A25ADD7002CD7AB /* ZoomVideoSDKUIToolKitSample.app */ = {isa = PBXFileReference; explicitFileType = wrapper.application; includeInIndex = 0; path = ZoomVideoSDKUIToolKitSample.app; sourceTree = BUILT_PRODUCTS_DIR; };
		E565BA9B2A25ADD7002CD7AB /* AppDelegate.swift */ = {isa = PBXFileReference; lastKnownFileType = sourcecode.swift; path = AppDelegate.swift; sourceTree = "<group>"; };
		E565BA9D2A25ADD7002CD7AB /* SceneDelegate.swift */ = {isa = PBXFileReference; lastKnownFileType = sourcecode.swift; path = SceneDelegate.swift; sourceTree = "<group>"; };
		E565BA9F2A25ADD7002CD7AB /* ViewController.swift */ = {isa = PBXFileReference; lastKnownFileType = sourcecode.swift; path = ViewController.swift; sourceTree = "<group>"; };
		E565BAA22A25ADD7002CD7AB /* Base */ = {isa = PBXFileReference; lastKnownFileType = file.storyboard; name = Base; path = Base.lproj/Main.storyboard; sourceTree = "<group>"; };
		E565BAA42A25ADD8002CD7AB /* Assets.xcassets */ = {isa = PBXFileReference; lastKnownFileType = folder.assetcatalog; path = Assets.xcassets; sourceTree = "<group>"; };
		E565BAA72A25ADD8002CD7AB /* Base */ = {isa = PBXFileReference; lastKnownFileType = file.storyboard; name = Base; path = Base.lproj/LaunchScreen.storyboard; sourceTree = "<group>"; };
		E565BAA92A25ADD8002CD7AB /* Info.plist */ = {isa = PBXFileReference; lastKnownFileType = text.plist.xml; path = Info.plist; sourceTree = "<group>"; };
		E5C9FF1E2CB5220F006A0B5B /* CptShare.xcframework */ = {isa = PBXFileReference; expectedSignature = "AppleDeveloperProgram:BJ4HAAB9B3:Zoom Video Communications, Inc."; lastKnownFileType = wrapper.xcframework; name = CptShare.xcframework; path = Frameworks/CptShare.xcframework; sourceTree = "<group>"; };
		E5C9FF1F2CB5220F006A0B5B /* zoomcml.xcframework */ = {isa = PBXFileReference; expectedSignature = "AppleDeveloperProgram:BJ4HAAB9B3:Zoom Video Communications, Inc."; lastKnownFileType = wrapper.xcframework; name = zoomcml.xcframework; path = Frameworks/zoomcml.xcframework; sourceTree = "<group>"; };
		E5C9FF202CB5220F006A0B5B /* ZoomVideoSDK.xcframework */ = {isa = PBXFileReference; expectedSignature = "AppleDeveloperProgram:BJ4HAAB9B3:Zoom Video Communications, Inc."; lastKnownFileType = wrapper.xcframework; name = ZoomVideoSDK.xcframework; path = Frameworks/ZoomVideoSDK.xcframework; sourceTree = "<group>"; };
		E5C9FF212CB5220F006A0B5B /* ZoomVideoSDKScreenShare.xcframework */ = {isa = PBXFileReference; expectedSignature = "AppleDeveloperProgram:BJ4HAAB9B3:Zoom Video Communications, Inc."; lastKnownFileType = wrapper.xcframework; name = ZoomVideoSDKScreenShare.xcframework; path = Frameworks/ZoomVideoSDKScreenShare.xcframework; sourceTree = "<group>"; };
		E5C9FF222CB5220F006A0B5B /* ZoomVideoSDKUIToolkit.xcframework */ = {isa = PBXFileReference; lastKnownFileType = wrapper.xcframework; name = ZoomVideoSDKUIToolkit.xcframework; path = Frameworks/ZoomVideoSDKUIToolkit.xcframework; sourceTree = "<group>"; };
		E5C9FF232CB52230006A0B5B /* ZoomVideoSDKUIToolKitSample.entitlements */ = {isa = PBXFileReference; lastKnownFileType = text.plist.entitlements; path = ZoomVideoSDKUIToolKitSample.entitlements; sourceTree = "<group>"; };
		E5C9FF302CB52310006A0B5B /* ScreenShare.appex */ = {isa = PBXFileReference; explicitFileType = "wrapper.app-extension"; includeInIndex = 0; path = ScreenShare.appex; sourceTree = BUILT_PRODUCTS_DIR; };
		E5C9FF312CB52310006A0B5B /* ReplayKit.framework */ = {isa = PBXFileReference; lastKnownFileType = wrapper.framework; name = ReplayKit.framework; path = System/Library/Frameworks/ReplayKit.framework; sourceTree = SDKROOT; };
		E5C9FF3F2CB52316006A0B5B /* CoreGraphics.framework */ = {isa = PBXFileReference; lastKnownFileType = wrapper.framework; name = CoreGraphics.framework; path = System/Library/Frameworks/CoreGraphics.framework; sourceTree = SDKROOT; };
		E5C9FF412CB5231A006A0B5B /* CoreVideo.framework */ = {isa = PBXFileReference; lastKnownFileType = wrapper.framework; name = CoreVideo.framework; path = System/Library/Frameworks/CoreVideo.framework; sourceTree = SDKROOT; };
		E5C9FF432CB5231E006A0B5B /* CoreMedia.framework */ = {isa = PBXFileReference; lastKnownFileType = wrapper.framework; name = CoreMedia.framework; path = System/Library/Frameworks/CoreMedia.framework; sourceTree = SDKROOT; };
		E5C9FF452CB52323006A0B5B /* VideoToolbox.framework */ = {isa = PBXFileReference; lastKnownFileType = wrapper.framework; name = VideoToolbox.framework; path = System/Library/Frameworks/VideoToolbox.framework; sourceTree = SDKROOT; };
		E5EB66852CF44A10008D9CCF /* CustomComponentVC.swift */ = {isa = PBXFileReference; lastKnownFileType = sourcecode.swift; path = CustomComponentVC.swift; sourceTree = "<group>"; };
/* End PBXFileReference section */

/* Begin PBXFileSystemSynchronizedBuildFileExceptionSet section */
		E5C9FF3A2CB52310006A0B5B /* PBXFileSystemSynchronizedBuildFileExceptionSet */ = {
			isa = PBXFileSystemSynchronizedBuildFileExceptionSet;
			membershipExceptions = (
				Info.plist,
			);
			target = E5C9FF2F2CB52310006A0B5B /* ScreenShare */;
		};
/* End PBXFileSystemSynchronizedBuildFileExceptionSet section */

/* Begin PBXFileSystemSynchronizedRootGroup section */
		E5C9FF332CB52310006A0B5B /* ScreenShare */ = {isa = PBXFileSystemSynchronizedRootGroup; exceptions = (E5C9FF3A2CB52310006A0B5B /* PBXFileSystemSynchronizedBuildFileExceptionSet */, ); explicitFileTypes = {}; explicitFolders = (); path = ScreenShare; sourceTree = "<group>"; };
/* End PBXFileSystemSynchronizedRootGroup section */

/* Begin PBXFrameworksBuildPhase section */
		E565BA952A25ADD7002CD7AB /* Frameworks */ = {
			isa = PBXFrameworksBuildPhase;
			buildActionMask = 2147483647;
			files = (
				E5C9FF242CB5223F006A0B5B /* CptShare.xcframework in Frameworks */,
				D7FB22322F839FFF000A5754 /* ZoomTask.xcframework in Frameworks */,
				E5C9FF262CB52242006A0B5B /* zoomcml.xcframework in Frameworks */,
				E5C9FF2A2CB52247006A0B5B /* ZoomVideoSDKUIToolkit.xcframework in Frameworks */,
				E5C9FF282CB52244006A0B5B /* ZoomVideoSDK.xcframework in Frameworks */,
			);
			runOnlyForDeploymentPostprocessing = 0;
		};
		E5C9FF2D2CB52310006A0B5B /* Frameworks */ = {
			isa = PBXFrameworksBuildPhase;
			buildActionMask = 2147483647;
			files = (
				E5C9FF442CB5231E006A0B5B /* CoreMedia.framework in Frameworks */,
				E5C9FF402CB52316006A0B5B /* CoreGraphics.framework in Frameworks */,
				E5C9FF462CB52323006A0B5B /* VideoToolbox.framework in Frameworks */,
				E5C9FF472CB52326006A0B5B /* ZoomVideoSDKScreenShare.xcframework in Frameworks */,
				E5C9FF322CB52310006A0B5B /* ReplayKit.framework in Frameworks */,
				E5C9FF422CB5231A006A0B5B /* CoreVideo.framework in Frameworks */,
			);
			runOnlyForDeploymentPostprocessing = 0;
		};
/* End PBXFrameworksBuildPhase section */

/* Begin PBXGroup section */
		E565BA8F2A25ADD7002CD7AB = {
			isa = PBXGroup;
			children = (
				E565BA9A2A25ADD7002CD7AB /* ZoomVideoSDKUIToolKitSample */,
				E5C9FF332CB52310006A0B5B /* ScreenShare */,
				E565BA992A25ADD7002CD7AB /* Products */,
				E565BAC82A25BF5E002CD7AB /* Frameworks */,
			);
			sourceTree = "<group>";
		};
		E565BA992A25ADD7002CD7AB /* Products */ = {
			isa = PBXGroup;
			children = (
				E565BA982A25ADD7002CD7AB /* ZoomVideoSDKUIToolKitSample.app */,
				E5C9FF302CB52310006A0B5B /* ScreenShare.appex */,
			);
			name = Products;
			sourceTree = "<group>";
		};
		E565BA9A2A25ADD7002CD7AB /* ZoomVideoSDKUIToolKitSample */ = {
			isa = PBXGroup;
			children = (
				E5C9FF232CB52230006A0B5B /* ZoomVideoSDKUIToolKitSample.entitlements */,
				E565BA9B2A25ADD7002CD7AB /* AppDelegate.swift */,
				E565BA9D2A25ADD7002CD7AB /* SceneDelegate.swift */,
				E565BA9F2A25ADD7002CD7AB /* ViewController.swift */,
				E5EB66852CF44A10008D9CCF /* CustomComponentVC.swift */,
				E565BAA12A25ADD7002CD7AB /* Main.storyboard */,
				E565BAA42A25ADD8002CD7AB /* Assets.xcassets */,
				E565BAA62A25ADD8002CD7AB /* LaunchScreen.storyboard */,
				E565BAA92A25ADD8002CD7AB /* Info.plist */,
			);
			path = ZoomVideoSDKUIToolKitSample;
			sourceTree = "<group>";
		};
		E565BAC82A25BF5E002CD7AB /* Frameworks */ = {
			isa = PBXGroup;
			children = (
				E5C9FF452CB52323006A0B5B /* VideoToolbox.framework */,
				E5C9FF432CB5231E006A0B5B /* CoreMedia.framework */,
				E5C9FF412CB5231A006A0B5B /* CoreVideo.framework */,
				E5C9FF3F2CB52316006A0B5B /* CoreGraphics.framework */,
				D7FB22302F839FFD000A5754 /* ZoomTask.xcframework */,
				E5C9FF1E2CB5220F006A0B5B /* CptShare.xcframework */,
				E5C9FF1F2CB5220F006A0B5B /* zoomcml.xcframework */,
				E5C9FF202CB5220F006A0B5B /* ZoomVideoSDK.xcframework */,
				E5C9FF212CB5220F006A0B5B /* ZoomVideoSDKScreenShare.xcframework */,
				E5C9FF222CB5220F006A0B5B /* ZoomVideoSDKUIToolkit.xcframework */,
				E5C9FF312CB52310006A0B5B /* ReplayKit.framework */,
			);
			name = Frameworks;
			sourceTree = "<group>";
		};
/* End PBXGroup section */

/* Begin PBXNativeTarget section */
		E565BA972A25ADD7002CD7AB /* ZoomVideoSDKUIToolKitSample */ = {
			isa = PBXNativeTarget;
			buildConfigurationList = E565BAAC2A25ADD8002CD7AB /* Build configuration list for PBXNativeTarget "ZoomVideoSDKUIToolKitSample" */;
			buildPhases = (
				E565BA942A25ADD7002CD7AB /* Sources */,
				E565BA952A25ADD7002CD7AB /* Frameworks */,
				E565BA962A25ADD7002CD7AB /* Resources */,
				E565BAB52A25AE65002CD7AB /* Embed Frameworks */,
				E5C9FF3E2CB52310006A0B5B /* Embed Foundation Extensions */,
			);
			buildRules = (
			);
			dependencies = (
				E5C9FF382CB52310006A0B5B /* PBXTargetDependency */,
			);
			name = ZoomVideoSDKUIToolKitSample;
			productName = ZoomVideoSDKUIKitTester;
			productReference = E565BA982A25ADD7002CD7AB /* ZoomVideoSDKUIToolKitSample.app */;
			productType = "com.apple.product-type.application";
		};
		E5C9FF2F2CB52310006A0B5B /* ScreenShare */ = {
			isa = PBXNativeTarget;
			buildConfigurationList = E5C9FF3B2CB52310006A0B5B /* Build configuration list for PBXNativeTarget "ScreenShare" */;
			buildPhases = (
				E5C9FF2C2CB52310006A0B5B /* Sources */,
				E5C9FF2D2CB52310006A0B5B /* Frameworks */,
				E5C9FF2E2CB52310006A0B5B /* Resources */,
			);
			buildRules = (
			);
			dependencies = (
			);
			fileSystemSynchronizedGroups = (
				E5C9FF332CB52310006A0B5B /* ScreenShare */,
			);
			name = ScreenShare;
			packageProductDependencies = (
			);
			productName = ScreenShare;
			productReference = E5C9FF302CB52310006A0B5B /* ScreenShare.appex */;
			productType = "com.apple.product-type.app-extension";
		};
/* End PBXNativeTarget section */

/* Begin PBXProject section */
		E565BA902A25ADD7002CD7AB /* Project object */ = {
			isa = PBXProject;
			attributes = {
				BuildIndependentTargetsInParallel = 1;
				LastSwiftUpdateCheck = 1600;
				LastUpgradeCheck = 1430;
				TargetAttributes = {
					E565BA972A25ADD7002CD7AB = {
						CreatedOnToolsVersion = 14.3;
					};
					E5C9FF2F2CB52310006A0B5B = {
						CreatedOnToolsVersion = 16.0;
						LastSwiftMigration = 1600;
					};
				};
			};
			buildConfigurationList = E565BA932A25ADD7002CD7AB /* Build configuration list for PBXProject "ZoomVideoSDKUIToolKitSample" */;
			compatibilityVersion = "Xcode 14.0";
			developmentRegion = en;
			hasScannedForEncodings = 0;
			knownRegions = (
				en,
				Base,
			);
			mainGroup = E565BA8F2A25ADD7002CD7AB;
			productRefGroup = E565BA992A25ADD7002CD7AB /* Products */;
			projectDirPath = "";
			projectRoot = "";
			targets = (
				E565BA972A25ADD7002CD7AB /* ZoomVideoSDKUIToolKitSample */,
				E5C9FF2F2CB52310006A0B5B /* ScreenShare */,
			);
		};
/* End PBXProject section */

/* Begin PBXResourcesBuildPhase section */
		E565BA962A25ADD7002CD7AB /* Resources */ = {
			isa = PBXResourcesBuildPhase;
			buildActionMask = 2147483647;
			files = (
				E565BAA82A25ADD8002CD7AB /* LaunchScreen.storyboard in Resources */,
				E565BAA52A25ADD8002CD7AB /* Assets.xcassets in Resources */,
				E565BAA32A25ADD7002CD7AB /* Main.storyboard in Resources */,
			);
			runOnlyForDeploymentPostprocessing = 0;
		};
		E5C9FF2E2CB52310006A0B5B /* Resources */ = {
			isa = PBXResourcesBuildPhase;
			buildActionMask = 2147483647;
			files = (
			);
			runOnlyForDeploymentPostprocessing = 0;
		};
/* End PBXResourcesBuildPhase section */

/* Begin PBXSourcesBuildPhase section */
		E565BA942A25ADD7002CD7AB /* Sources */ = {
			isa = PBXSourcesBuildPhase;
			buildActionMask = 2147483647;
			files = (
				E565BAA02A25ADD7002CD7AB /* ViewController.swift in Sources */,
				E5EB66862CF44A10008D9CCF /* CustomComponentVC.swift in Sources */,
				E565BA9C2A25ADD7002CD7AB /* AppDelegate.swift in Sources */,
				E565BA9E2A25ADD7002CD7AB /* SceneDelegate.swift in Sources */,
			);
			runOnlyForDeploymentPostprocessing = 0;
		};
		E5C9FF2C2CB52310006A0B5B /* Sources */ = {
			isa = PBXSourcesBuildPhase;
			buildActionMask = 2147483647;
			files = (
			);
			runOnlyForDeploymentPostprocessing = 0;
		};
/* End PBXSourcesBuildPhase section */

/* Begin PBXTargetDependency section */
		E5C9FF382CB52310006A0B5B /* PBXTargetDependency */ = {
			isa = PBXTargetDependency;
			target = E5C9FF2F2CB52310006A0B5B /* ScreenShare */;
			targetProxy = E5C9FF372CB52310006A0B5B /* PBXContainerItemProxy */;
		};
/* End PBXTargetDependency section */

/* Begin PBXVariantGroup section */
		E565BAA12A25ADD7002CD7AB /* Main.storyboard */ = {
			isa = PBXVariantGroup;
			children = (
				E565BAA22A25ADD7002CD7AB /* Base */,
			);
			name = Main.storyboard;
			sourceTree = "<group>";
		};
		E565BAA62A25ADD8002CD7AB /* LaunchScreen.storyboard */ = {
			isa = PBXVariantGroup;
			children = (
				E565BAA72A25ADD8002CD7AB /* Base */,
			);
			name = LaunchScreen.storyboard;
			sourceTree = "<group>";
		};
/* End PBXVariantGroup section */

/* Begin XCBuildConfiguration section */
		E565BAAA2A25ADD8002CD7AB /* Debug */ = {
			isa = XCBuildConfiguration;
			buildSettings = {
				ALWAYS_SEARCH_USER_PATHS = NO;
				CLANG_ANALYZER_NONNULL = YES;
				CLANG_ANALYZER_NUMBER_OBJECT_CONVERSION = YES_AGGRESSIVE;
				CLANG_CXX_LANGUAGE_STANDARD = "gnu++20";
				CLANG_ENABLE_MODULES = YES;
				CLANG_ENABLE_OBJC_ARC = YES;
				CLANG_ENABLE_OBJC_WEAK = YES;
				CLANG_WARN_BLOCK_CAPTURE_AUTORELEASING = YES;
				CLANG_WARN_BOOL_CONVERSION = YES;
				CLANG_WARN_COMMA = YES;
				CLANG_WARN_CONSTANT_CONVERSION = YES;
				CLANG_WARN_DEPRECATED_OBJC_IMPLEMENTATIONS = YES;
				CLANG_WARN_DIRECT_OBJC_ISA_USAGE = YES_ERROR;
				CLANG_WARN_DOCUMENTATION_COMMENTS = YES;
				CLANG_WARN_EMPTY_BODY = YES;
				CLANG_WARN_ENUM_CONVERSION = YES;
				CLANG_WARN_INFINITE_RECURSION = YES;
				CLANG_WARN_INT_CONVERSION = YES;
				CLANG_WARN_NON_LITERAL_NULL_CONVERSION = YES;
				CLANG_WARN_OBJC_IMPLICIT_RETAIN_SELF = YES;
				CLANG_WARN_OBJC_LITERAL_CONVERSION = YES;
				CLANG_WARN_OBJC_ROOT_CLASS = YES_ERROR;
				CLANG_WARN_QUOTED_INCLUDE_IN_FRAMEWORK_HEADER = YES;
				CLANG_WARN_RANGE_LOOP_ANALYSIS = YES;
				CLANG_WARN_STRICT_PROTOTYPES = YES;
				CLANG_WARN_SUSPICIOUS_MOVE = YES;
				CLANG_WARN_UNGUARDED_AVAILABILITY = YES_AGGRESSIVE;
				CLANG_WARN_UNREACHABLE_CODE = YES;
				CLANG_WARN__DUPLICATE_METHOD_MATCH = YES;
				COPY_PHASE_STRIP = NO;
				DEBUG_INFORMATION_FORMAT = dwarf;
				ENABLE_STRICT_OBJC_MSGSEND = YES;
				ENABLE_TESTABILITY = YES;
				GCC_C_LANGUAGE_STANDARD = gnu11;
				GCC_DYNAMIC_NO_PIC = NO;
				GCC_NO_COMMON_BLOCKS = YES;
				GCC_OPTIMIZATION_LEVEL = 0;
				GCC_PREPROCESSOR_DEFINITIONS = (
					"DEBUG=1",
					"$(inherited)",
				);
				GCC_WARN_64_TO_32_BIT_CONVERSION = YES;
				GCC_WARN_ABOUT_RETURN_TYPE = YES_ERROR;
				GCC_WARN_UNDECLARED_SELECTOR = YES;
				GCC_WARN_UNINITIALIZED_AUTOS = YES_AGGRESSIVE;
				GCC_WARN_UNUSED_FUNCTION = YES;
				GCC_WARN_UNUSED_VARIABLE = YES;
				IPHONEOS_DEPLOYMENT_TARGET = 13.0;
				MTL_ENABLE_DEBUG_INFO = INCLUDE_SOURCE;
				MTL_FAST_MATH = YES;
				ONLY_ACTIVE_ARCH = YES;
				SDKROOT = iphoneos;
				SWIFT_ACTIVE_COMPILATION_CONDITIONS = DEBUG;
				SWIFT_OPTIMIZATION_LEVEL = "-Onone";
			};
			name = Debug;
		};
		E565BAAB2A25ADD8002CD7AB /* Release */ = {
			isa = XCBuildConfiguration;
			buildSettings = {
				ALWAYS_SEARCH_USER_PATHS = NO;
				CLANG_ANALYZER_NONNULL = YES;
				CLANG_ANALYZER_NUMBER_OBJECT_CONVERSION = YES_AGGRESSIVE;
				CLANG_CXX_LANGUAGE_STANDARD = "gnu++20";
				CLANG_ENABLE_MODULES = YES;
				CLANG_ENABLE_OBJC_ARC = YES;
				CLANG_ENABLE_OBJC_WEAK = YES;
				CLANG_WARN_BLOCK_CAPTURE_AUTORELEASING = YES;
				CLANG_WARN_BOOL_CONVERSION = YES;
				CLANG_WARN_COMMA = YES;
				CLANG_WARN_CONSTANT_CONVERSION = YES;
				CLANG_WARN_DEPRECATED_OBJC_IMPLEMENTATIONS = YES;
				CLANG_WARN_DIRECT_OBJC_ISA_USAGE = YES_ERROR;
				CLANG_WARN_DOCUMENTATION_COMMENTS = YES;
				CLANG_WARN_EMPTY_BODY = YES;
				CLANG_WARN_ENUM_CONVERSION = YES;
				CLANG_WARN_INFINITE_RECURSION = YES;
				CLANG_WARN_INT_CONVERSION = YES;
				CLANG_WARN_NON_LITERAL_NULL_CONVERSION = YES;
				CLANG_WARN_OBJC_IMPLICIT_RETAIN_SELF = YES;
				CLANG_WARN_OBJC_LITERAL_CONVERSION = YES;
				CLANG_WARN_OBJC_ROOT_CLASS = YES_ERROR;
				CLANG_WARN_QUOTED_INCLUDE_IN_FRAMEWORK_HEADER = YES;
				CLANG_WARN_RANGE_LOOP_ANALYSIS = YES;
				CLANG_WARN_STRICT_PROTOTYPES = YES;
				CLANG_WARN_SUSPICIOUS_MOVE = YES;
				CLANG_WARN_UNGUARDED_AVAILABILITY = YES_AGGRESSIVE;
				CLANG_WARN_UNREACHABLE_CODE = YES;
				CLANG_WARN__DUPLICATE_METHOD_MATCH = YES;
				COPY_PHASE_STRIP = NO;
				DEBUG_INFORMATION_FORMAT = "dwarf-with-dsym";
				ENABLE_NS_ASSERTIONS = NO;
				ENABLE_STRICT_OBJC_MSGSEND = YES;
				GCC_C_LANGUAGE_STANDARD = gnu11;
				GCC_NO_COMMON_BLOCKS = YES;
				GCC_WARN_64_TO_32_BIT_CONVERSION = YES;
				GCC_WARN_ABOUT_RETURN_TYPE = YES_ERROR;
				GCC_WARN_UNDECLARED_SELECTOR = YES;
				GCC_WARN_UNINITIALIZED_AUTOS = YES_AGGRESSIVE;
				GCC_WARN_UNUSED_FUNCTION = YES;
				GCC_WARN_UNUSED_VARIABLE = YES;
				IPHONEOS_DEPLOYMENT_TARGET = 13.0;
				MTL_ENABLE_DEBUG_INFO = NO;
				MTL_FAST_MATH = YES;
				SDKROOT = iphoneos;
				SWIFT_COMPILATION_MODE = wholemodule;
				SWIFT_OPTIMIZATION_LEVEL = "-O";
				VALIDATE_PRODUCT = YES;
			};
			name = Release;
		};
		E565BAAD2A25ADD8002CD7AB /* Debug */ = {
			isa = XCBuildConfiguration;
			buildSettings = {
				ASSETCATALOG_COMPILER_APPICON_NAME = AppIcon;
				ASSETCATALOG_COMPILER_GLOBAL_ACCENT_COLOR_NAME = AccentColor;
				CODE_SIGN_ENTITLEMENTS = ZoomVideoSDKUIToolKitSample/ZoomVideoSDKUIToolKitSample.entitlements;
				CODE_SIGN_IDENTITY = "Apple Development";
				CODE_SIGN_STYLE = Manual;
				CURRENT_PROJECT_VERSION = 1;
				DEVELOPMENT_TEAM = "";
				FRAMEWORK_SEARCH_PATHS = (
					"$(inherited)",
					"$(PROJECT_DIR)",
				);
				GENERATE_INFOPLIST_FILE = YES;
				INFOPLIST_FILE = ZoomVideoSDKUIToolkitSample/Info.plist;
				INFOPLIST_KEY_CFBundleDisplayName = UIKitSample;
				INFOPLIST_KEY_NSBluetoothPeripheralUsageDescription = "Required for Bluetooth audio devices";
				INFOPLIST_KEY_NSCameraUsageDescription = "Required for Video";
				INFOPLIST_KEY_NSMicrophoneUsageDescription = "Required for Audio";
				INFOPLIST_KEY_NSPhotoLibraryUsageDescription = "Used for sharing images from the photo library";
				INFOPLIST_KEY_UIApplicationSupportsIndirectInputEvents = YES;
				INFOPLIST_KEY_UILaunchStoryboardName = LaunchScreen;
				INFOPLIST_KEY_UIMainStoryboardFile = Main;
				INFOPLIST_KEY_UISupportedInterfaceOrientations = "UIInterfaceOrientationLandscapeLeft UIInterfaceOrientationLandscapeRight UIInterfaceOrientationPortrait";
				INFOPLIST_KEY_UISupportedInterfaceOrientations_iPad = "UIInterfaceOrientationLandscapeLeft UIInterfaceOrientationLandscapeRight UIInterfaceOrientationPortrait UIInterfaceOrientationPortraitUpsideDown";
				IPHONEOS_DEPLOYMENT_TARGET = 15.6;
				LD_RUNPATH_SEARCH_PATHS = (
					"$(inherited)",
					"@executable_path/Frameworks",
				);
				MARKETING_VERSION = 1.0;
				PRODUCT_NAME = "$(TARGET_NAME)";
				PROVISIONING_PROFILE_SPECIFIER = "";
				SWIFT_EMIT_LOC_STRINGS = YES;
				SWIFT_VERSION = 5.0;
				TARGETED_DEVICE_FAMILY = "1,2";
			};
			name = Debug;
		};
		E565BAAE2A25ADD8002CD7AB /* Release */ = {
			isa = XCBuildConfiguration;
			buildSettings = {
				ASSETCATALOG_COMPILER_APPICON_NAME = AppIcon;
				ASSETCATALOG_COMPILER_GLOBAL_ACCENT_COLOR_NAME = AccentColor;
				CODE_SIGN_ENTITLEMENTS = ZoomVideoSDKUIToolKitSample/ZoomVideoSDKUIToolKitSample.entitlements;
				CODE_SIGN_IDENTITY = "Apple Development";
				CODE_SIGN_STYLE = Manual;
				CURRENT_PROJECT_VERSION = 1;
				DEVELOPMENT_TEAM = "";
				FRAMEWORK_SEARCH_PATHS = (
					"$(inherited)",
					"$(PROJECT_DIR)",
				);
				GENERATE_INFOPLIST_FILE = YES;
				INFOPLIST_FILE = ZoomVideoSDKUIToolkitSample/Info.plist;
				INFOPLIST_KEY_CFBundleDisplayName = UIKitSample;
				INFOPLIST_KEY_NSBluetoothPeripheralUsageDescription = "Required for Bluetooth audio devices";
				INFOPLIST_KEY_NSCameraUsageDescription = "Required for Video";
				INFOPLIST_KEY_NSMicrophoneUsageDescription = "Required for Audio";
				INFOPLIST_KEY_NSPhotoLibraryUsageDescription = "Used for sharing images from the photo library";
				INFOPLIST_KEY_UIApplicationSupportsIndirectInputEvents = YES;
				INFOPLIST_KEY_UILaunchStoryboardName = LaunchScreen;
				INFOPLIST_KEY_UIMainStoryboardFile = Main;
				INFOPLIST_KEY_UISupportedInterfaceOrientations = "UIInterfaceOrientationLandscapeLeft UIInterfaceOrientationLandscapeRight UIInterfaceOrientationPortrait";
				INFOPLIST_KEY_UISupportedInterfaceOrientations_iPad = "UIInterfaceOrientationLandscapeLeft UIInterfaceOrientationLandscapeRight UIInterfaceOrientationPortrait UIInterfaceOrientationPortraitUpsideDown";
				IPHONEOS_DEPLOYMENT_TARGET = 15.6;
				LD_RUNPATH_SEARCH_PATHS = (
					"$(inherited)",
					"@executable_path/Frameworks",
				);
				MARKETING_VERSION = 1.0;
				PRODUCT_NAME = "$(TARGET_NAME)";
				PROVISIONING_PROFILE_SPECIFIER = "";
				SWIFT_EMIT_LOC_STRINGS = YES;
				SWIFT_VERSION = 5.0;
				TARGETED_DEVICE_FAMILY = "1,2";
			};
			name = Release;
		};
		E5C9FF3C2CB52310006A0B5B /* Debug */ = {
			isa = XCBuildConfiguration;
			buildSettings = {
				ASSETCATALOG_COMPILER_GENERATE_SWIFT_ASSET_SYMBOL_EXTENSIONS = YES;
				CLANG_ENABLE_MODULES = YES;
				CODE_SIGN_ENTITLEMENTS = ScreenShare/ScreenShare.entitlements;
				CODE_SIGN_IDENTITY = "Apple Development";
				CODE_SIGN_STYLE = Manual;
				CURRENT_PROJECT_VERSION = 1;
				DEVELOPMENT_TEAM = "";
				ENABLE_USER_SCRIPT_SANDBOXING = YES;
				GCC_C_LANGUAGE_STANDARD = gnu17;
				GENERATE_INFOPLIST_FILE = YES;
				INFOPLIST_FILE = ScreenShare/Info.plist;
				INFOPLIST_KEY_CFBundleDisplayName = ScreenShare;
				INFOPLIST_KEY_NSHumanReadableCopyright = "";
				IPHONEOS_DEPLOYMENT_TARGET = 18.0;
				LD_RUNPATH_SEARCH_PATHS = (
					"$(inherited)",
					"@executable_path/Frameworks",
					"@executable_path/../../Frameworks",
				);
				LOCALIZATION_PREFERS_STRING_CATALOGS = YES;
				MARKETING_VERSION = 1.0;
				OTHER_LDFLAGS = "-lc++";
				PRODUCT_NAME = "$(TARGET_NAME)";
				PROVISIONING_PROFILE_SPECIFIER = "";
				SKIP_INSTALL = YES;
				SWIFT_ACTIVE_COMPILATION_CONDITIONS = "DEBUG $(inherited)";
				SWIFT_EMIT_LOC_STRINGS = YES;
				SWIFT_OBJC_BRIDGING_HEADER = "ScreenShare/ScreenShare-Bridging-Header.h";
				SWIFT_OPTIMIZATION_LEVEL = "-Onone";
				SWIFT_VERSION = 5.0;
				TARGETED_DEVICE_FAMILY = "1,2";
			};
			name = Debug;
		};
		E5C9FF3D2CB52310006A0B5B /* Release */ = {
			isa = XCBuildConfiguration;
			buildSettings = {
				ASSETCATALOG_COMPILER_GENERATE_SWIFT_ASSET_SYMBOL_EXTENSIONS = YES;
				CLANG_ENABLE_MODULES = YES;
				CODE_SIGN_ENTITLEMENTS = ScreenShare/ScreenShare.entitlements;
				CODE_SIGN_IDENTITY = "Apple Development";
				CODE_SIGN_STYLE = Manual;
				CURRENT_PROJECT_VERSION = 1;
				DEVELOPMENT_TEAM = "";
				ENABLE_USER_SCRIPT_SANDBOXING = YES;
				GCC_C_LANGUAGE_STANDARD = gnu17;
				GENERATE_INFOPLIST_FILE = YES;
				INFOPLIST_FILE = ScreenShare/Info.plist;
				INFOPLIST_KEY_CFBundleDisplayName = ScreenShare;
				INFOPLIST_KEY_NSHumanReadableCopyright = "";
				IPHONEOS_DEPLOYMENT_TARGET = 15.6;
				LD_RUNPATH_SEARCH_PATHS = (
					"$(inherited)",
					"@executable_path/Frameworks",
					"@executable_path/../../Frameworks",
				);
				LOCALIZATION_PREFERS_STRING_CATALOGS = YES;
				MARKETING_VERSION = 1.0;
				OTHER_LDFLAGS = "-lc++";
				PRODUCT_NAME = "$(TARGET_NAME)";
				PROVISIONING_PROFILE_SPECIFIER = "";
				SKIP_INSTALL = YES;
				SWIFT_EMIT_LOC_STRINGS = YES;
				SWIFT_OBJC_BRIDGING_HEADER = "ScreenShare/ScreenShare-Bridging-Header.h";
				SWIFT_VERSION = 5.0;
				TARGETED_DEVICE_FAMILY = "1,2";
			};
			name = Release;
		};
/* End XCBuildConfiguration section */

/* Begin XCConfigurationList section */
		E565BA932A25ADD7002CD7AB /* Build configuration list for PBXProject "ZoomVideoSDKUIToolKitSample" */ = {
			isa = XCConfigurationList;
			buildConfigurations = (
				E565BAAA2A25ADD8002CD7AB /* Debug */,
				E565BAAB2A25ADD8002CD7AB /* Release */,
			);
			defaultConfigurationIsVisible = 0;
			defaultConfigurationName = Release;
		};
		E565BAAC2A25ADD8002CD7AB /* Build configuration list for PBXNativeTarget "ZoomVideoSDKUIToolKitSample" */ = {
			isa = XCConfigurationList;
			buildConfigurations = (
				E565BAAD2A25ADD8002CD7AB /* Debug */,
				E565BAAE2A25ADD8002CD7AB /* Release */,
			);
			defaultConfigurationIsVisible = 0;
			defaultConfigurationName = Release;
		};
		E5C9FF3B2CB52310006A0B5B /* Build configuration list for PBXNativeTarget "ScreenShare" */ = {
			isa = XCConfigurationList;
			buildConfigurations = (
				E5C9FF3C2CB52310006A0B5B /* Debug */,
				E5C9FF3D2CB52310006A0B5B /* Release */,
			);
			defaultConfigurationIsVisible = 0;
			defaultConfigurationName = Release;
		};
/* End XCConfigurationList section */
	};
	rootObject = E565BA902A25ADD7002CD7AB /* Project object */;
}
